
Microsoft Visual Studio Solution File, Format Version 12.00
# Visual Studio Version 17
VisualStudioVersion = 17.4.33122.133
MinimumVisualStudioVersion = 10.0.40219.1
Project("{9A19103F-16F7-4668-BE54-9A1E7A4F7556}") = "Day01", "Day01\Day01.csproj", "{00C5DF0A-30FE-4342-9BF9-0EE02B6BE4C9}"
EndProject
Project("{9A19103F-16F7-4668-BE54-9A1E7A4F7556}") = "Day02", "Day02\Day02.csproj", "{FADE5D16-BD73-4F47-BEE5-37FEAA9A7E54}"
EndProject
Project("{9A19103F-16F7-4668-BE54-9A1E7A4F7556}") = "Day03", "Day03\Day03.csproj", "{8E5A62C4-CC01-4C5A-B15A-EC4F1ABC7DEF}"
EndProject
Project("{9A19103F-16F7-4668-BE54-9A1E7A4F7556}") = "Day04", "Day04\Day04.csproj", "{59B876B1-4E55-4B70-917C-81A5D11AC80C}"
EndProject
Project("{9A19103F-16F7-4668-BE54-9A1E7A4F7556}") = "Day05", "Day05\Day05.csproj", "{055B098A-D414-45AB-BC0D-0AC349D7AA6C}"
EndProject
Project("{9A19103F-16F7-4668-BE54-9A1E7A4F7556}") = "Day06", "Day06\Day06.csproj", "{55E0217D-D478-4DB8-A8C4-01E461AF46C8}"
EndProject
Project("{9A19103F-16F7-4668-BE54-9A1E7A4F7556}") = "Day07", "Day07\Day07.csproj", "{CA02B56B-2200-4C8F-BE20-332FE467BB22}"
EndProject
Project("{9A19103F-16F7-4668-BE54-9A1E7A4F7556}") = "Day08", "Day08\Day08.csproj", "{18C18BAC-D6B8-4548-A24B-FBE6D87931B2}"
EndProject
Project("{9A19103F-16F7-4668-BE54-9A1E7A4F7556}") = "Day09", "Day09\Day09.csproj", "{AD02BEB8-9D18-4496-9A8F-A09858FA4801}"
EndProject
Project("{9A19103F-16F7-4668-BE54-9A1E7A4F7556}") = "Day10", "Day10\Day10.csproj", "{AAFFA7D5-E135-47C2-8F44-8F94F5E107C4}"
EndProject
Project("{FAE04EC0-301F-11D3-BF4B-00C04F79EFBC}") = "Day11", "Day11\Day11.csproj", "{B9E672A9-DAEC-4D23-8D10-1647EFE7E334}"
EndProject
Global
	GlobalSection(SolutionConfigurationPlatforms) = preSolution
		Debug|Any CPU = Debug|Any CPU
		Release|Any CPU = Release|Any CPU
	EndGlobalSection
	GlobalSection(ProjectConfigurationPlatforms) = postSolution
		{00C5DF0A-30FE-4342-9BF9-0EE02B6BE4C9}.Debug|Any CPU.ActiveCfg = Debug|Any CPU
		{00C5DF0A-30FE-4342-9BF9-0EE02B6BE4C9}.Debug|Any CPU.Build.0 = Debug|Any CPU
		{00C5DF0A-30FE-4342-9BF9-0EE02B6BE4C9}.Release|Any CPU.ActiveCfg = Release|Any CPU
		{00C5DF0A-30FE-4342-9BF9-0EE02B6BE4C9}.Release|Any CPU.Build.0 = Release|Any CPU
		{FADE5D16-BD73-4F47-BEE5-37FEAA9A7E54}.Debug|Any CPU.ActiveCfg = Debug|Any CPU
		{FADE5D16-BD73-4F47-BEE5-37FEAA9A7E54}.Debug|Any CPU.Build.0 = Debug|Any CPU
		{FADE5D16-BD73-4F47-BEE5-37FEAA9A7E54}.Release|Any CPU.ActiveCfg = Release|Any CPU
		{FADE5D16-BD73-4F47-BEE5-37FEAA9A7E54}.Release|Any CPU.Build.0 = Release|Any CPU
		{8E5A62C4-CC01-4C5A-B15A-EC4F1ABC7DEF}.Debug|Any CPU.ActiveCfg = Debug|Any CPU
		{8E5A62C4-CC01-4C5A-B15A-EC4F1ABC7DEF}.Debug|Any CPU.Build.0 = Debug|Any CPU
		{8E5A62C4-CC01-4C5A-B15A-EC4F1ABC7DEF}.Release|Any CPU.ActiveCfg = Release|Any CPU
		{8E5A62C4-CC01-4C5A-B15A-EC4F1ABC7DEF}.Release|Any CPU.Build.0 = Release|Any CPU
		{59B876B1-4E55-4B70-917C-81A5D11AC80C}.Debug|Any CPU.ActiveCfg = Debug|Any CPU
		{59B876B1-4E55-4B70-917C-81A5D11AC80C}.Debug|Any CPU.Build.0 = Debug|Any CPU
		{59B876B1-4E55-4B70-917C-81A5D11AC80C}.Release|Any CPU.ActiveCfg = Release|Any CPU
		{59B876B1-4E55-4B70-917C-81A5D11AC80C}.Release|Any CPU.Build.0 = Release|Any CPU
		{055B098A-D414-45AB-BC0D-0AC349D7AA6C}.Debug|Any CPU.ActiveCfg = Debug|Any CPU
		{055B098A-D414-45AB-BC0D-0AC349D7AA6C}.Debug|Any CPU.Build.0 = Debug|Any CPU
		{055B098A-D414-45AB-BC0D-0AC349D7AA6C}.Release|Any CPU.ActiveCfg = Release|Any CPU
		{055B098A-D414-45AB-BC0D-0AC349D7AA6C}.Release|Any CPU.Build.0 = Release|Any CPU
		{55E0217D-D478-4DB8-A8C4-01E461AF46C8}.Debug|Any CPU.ActiveCfg = Debug|Any CPU
		{55E0217D-D478-4DB8-A8C4-01E461AF46C8}.Debug|Any CPU.Build.0 = Debug|Any CPU
		{55E0217D-D478-4DB8-A8C4-01E461AF46C8}.Release|Any CPU.ActiveCfg = Release|Any CPU
		{55E0217D-D478-4DB8-A8C4-01E461AF46C8}.Release|Any CPU.Build.0 = Release|Any CPU
		{CA02B56B-2200-4C8F-BE20-332FE467BB22}.Debug|Any CPU.ActiveCfg = Debug|Any CPU
		{CA02B56B-2200-4C8F-BE20-332FE467BB22}.Debug|Any CPU.Build.0 = Debug|Any CPU
		{CA02B56B-2200-4C8F-BE20-332FE467BB22}.Release|Any CPU.ActiveCfg = Release|Any CPU
		{CA02B56B-2200-4C8F-BE20-332FE467BB22}.Release|Any CPU.Build.0 = Release|Any CPU
		{18C18BAC-D6B8-4548-A24B-FBE6D87931B2}.Debug|Any CPU.ActiveCfg = Debug|Any CPU
		{18C18BAC-D6B8-4548-A24B-FBE6D87931B2}.Debug|Any CPU.Build.0 = Debug|Any CPU
		{18C18BAC-D6B8-4548-A24B-FBE6D87931B2}.Release|Any CPU.ActiveCfg = Release|Any CPU
		{18C18BAC-D6B8-4548-A24B-FBE6D87931B2}.Release|Any CPU.Build.0 = Release|Any CPU
		{AD02BEB8-9D18-4496-9A8F-A09858FA4801}.Debug|Any CPU.ActiveCfg = Debug|Any CPU
		{AD02BEB8-9D18-4496-9A8F-A09858FA4801}.Debug|Any CPU.Build.0 = Debug|Any CPU
		{AD02BEB8-9D18-4496-9A8F-A09858FA4801}.Release|Any CPU.ActiveCfg = Release|Any CPU
		{AD02BEB8-9D18-4496-9A8F-A09858FA4801}.Release|Any CPU.Build.0 = Release|Any CPU
		{AAFFA7D5-E135-47C2-8F44-8F94F5E107C4}.Debug|Any CPU.ActiveCfg = Debug|Any CPU
		{AAFFA7D5-E135-47C2-8F44-8F94F5E107C4}.Debug|Any CPU.Build.0 = Debug|Any CPU
		{AAFFA7D5-E135-47C2-8F44-8F94F5E107C4}.Release|Any CPU.ActiveCfg = Release|Any CPU
		{AAFFA7D5-E135-47C2-8F44-8F94F5E107C4}.Release|Any CPU.Build.0 = Release|Any CPU
		{B9E672A9-DAEC-4D23-8D10-1647EFE7E334}.Debug|Any CPU.ActiveCfg = Debug|Any CPU
		{B9E672A9-DAEC-4D23-8D10-1647EFE7E334}.Debug|Any CPU.Build.0 = Debug|Any CPU
		{B9E672A9-DAEC-4D23-8D10-1647EFE7E334}.Release|Any CPU.ActiveCfg = Release|Any CPU
		{B9E672A9-DAEC-4D23-8D10-1647EFE7E334}.Release|Any CPU.Build.0 = Release|Any CPU
	EndGlobalSection
	GlobalSection(SolutionProperties) = preSolution
		HideSolutionNode = FALSE
	EndGlobalSection
	GlobalSection(ExtensibilityGlobals) = postSolution
		SolutionGuid = {39CA4D1E-A716-418F-8189-E955F4BB0AD5}
	EndGlobalSection
EndGlobal
