
Microsoft Visual Studio Solution File, Format Version 12.00
# Visual Studio Version 17
VisualStudioVersion = 17.4.33122.133
MinimumVisualStudioVersion = 10.0.40219.1
Project("{9A19103F-16F7-4668-BE54-9A1E7A4F7556}") = "Day01", "Day01\Day01.csproj", "{00C5DF0A-30FE-4342-9BF9-0EE02B6BE4C9}"
EndProject
Project("{9A19103F-16F7-4668-BE54-9A1E7A4F7556}") = "Day02", "Day02\Day02.csproj", "{FADE5D16-BD73-4F47-BEE5-37FEAA9A7E54}"
EndProject
Project("{9A19103F-16F7-4668-BE54-9A1E7A4F7556}") = "Day03", "Day03\Day03.csproj", "{8E5A62C4-CC01-4C5A-B15A-EC4F1ABC7DEF}"
EndProject
Project("{9A19103F-16F7-4668-BE54-9A1E7A4F7556}") = "Day04", "Day04\Day04.csproj", "{59B876B1-4E55-4B70-917C-81A5D11AC80C}"
EndProject
Project("{9A19103F-16F7-4668-BE54-9A1E7A4F7556}") = "Day05", "Day05\Day05.csproj", "{055B098A-D414-45AB-BC0D-0AC349D7AA6C}"
EndProject
Project("{9A19103F-16F7-4668-BE54-9A1E7A4F7556}") = "Day06", "Day06\Day06.csproj", "{55E0217D-D478-4DB8-A8C4-01E461AF46C8}"
EndProject
Project("{9A19103F-16F7-4668-BE54-9A1E7A4F7556}") = "Day07", "Day07\Day07.csproj", "{CA02B56B-2200-4C8F-BE20-332FE467BB22}"
EndProject
Project("{9A19103F-16F7-4668-BE54-9A1E7A4F7556}") = "Day08", "Day08\Day08.csproj", "{18C18BAC-D6B8-4548-A24B-FBE6D87931B2}"
EndProject
Project("{9A19103F-16F7-4668-BE54-9A1E7A4F7556}") = "Day09", "Day09\Day09.csproj", "{AD02BEB8-9D18-4496-9A8F-A09858FA4801}"
EndProject
Project("{9A19103F-16F7-4668-BE54-9A1E7A4F7556}") = "Day10", "Day10\Day10.csproj", "{AAFFA7D5-E135-47C2-8F44-8F94F5E107C4}"
EndProject
Project("{9A19103F-16F7-4668-BE54-9A1E7A4F7556}") = "Day11", "Day11\Day11.csproj", "{B9E672A9-DAEC-4D23-8D10-1647EFE7E334}"
EndProject
Project("{9A19103F-16F7-4668-BE54-9A1E7A4F7556}") = "Day12", "Day12\Day12.csproj", "{7145697A-140B-442B-9B53-CCA90AB3C1C9}"
EndProject
Project("{9A19103F-16F7-4668-BE54-9A1E7A4F7556}") = "Day13", "Day13\Day13.csproj", "{B374156C-BF61-4DC7-906C-668017968F5E}"
EndProject
Project("{9A19103F-16F7-4668-BE54-9A1E7A4F7556}") = "Day14", "Day14\Day14.csproj", "{5B8B1B3A-B53F-40F0-9929-24A8619C2C86}"
EndProject
Project("{9A19103F-16F7-4668-BE54-9A1E7A4F7556}") = "Day15", "Day15\Day15.csproj", "{D493D2BE-79CE-4560-A62C-41BEC76025A4}"
EndProject
Project("{9A19103F-16F7-4668-BE54-9A1E7A4F7556}") = "Day16", "Day16\Day16.csproj", "{88AFFCA6-DFD5-4C83-A7BF-DD57248C1FC6}"
EndProject
Project("{9A19103F-16F7-4668-BE54-9A1E7A4F7556}") = "Day17", "Day17\Day17.csproj", "{3238D710-12B5-4F0E-B9B8-82EF2EB63322}"
EndProject
Project("{9A19103F-16F7-4668-BE54-9A1E7A4F7556}") = "Day18", "Day18\Day18.csproj", "{B6657222-79FC-449F-99AF-BF4CF9490177}"
EndProject
Project("{9A19103F-16F7-4668-BE54-9A1E7A4F7556}") = "Day20", "Day20\Day20.csproj", "{644C6AA0-6684-483A-9CE4-DF51086F7D2A}"
EndProject
Project("{9A19103F-16F7-4668-BE54-9A1E7A4F7556}") = "Day21", "Day21\Day21.csproj", "{8E834015-199F-4CD5-98A5-C9079723F10B}"
EndProject
Project("{9A19103F-16F7-4668-BE54-9A1E7A4F7556}") = "Day22", "Day22\Day22.csproj", "{415ABCE6-D052-4A51-A5EE-3EAA6196B186}"
EndProject
Project("{FAE04EC0-301F-11D3-BF4B-00C04F79EFBC}") = "Day23", "Day23\Day23.csproj", "{4B66C287-02D5-4A11-92F3-4F03687AC46B}"
EndProject
Global
	GlobalSection(SolutionConfigurationPlatforms) = preSolution
		Debug|Any CPU = Debug|Any CPU
		Release|Any CPU = Release|Any CPU
	EndGlobalSection
	GlobalSection(ProjectConfigurationPlatforms) = postSolution
		{00C5DF0A-30FE-4342-9BF9-0EE02B6BE4C9}.Debug|Any CPU.ActiveCfg = Debug|Any CPU
		{00C5DF0A-30FE-4342-9BF9-0EE02B6BE4C9}.Debug|Any CPU.Build.0 = Debug|Any CPU
		{00C5DF0A-30FE-4342-9BF9-0EE02B6BE4C9}.Release|Any CPU.ActiveCfg = Release|Any CPU
		{00C5DF0A-30FE-4342-9BF9-0EE02B6BE4C9}.Release|Any CPU.Build.0 = Release|Any CPU
		{FADE5D16-BD73-4F47-BEE5-37FEAA9A7E54}.Debug|Any CPU.ActiveCfg = Debug|Any CPU
		{FADE5D16-BD73-4F47-BEE5-37FEAA9A7E54}.Debug|Any CPU.Build.0 = Debug|Any CPU
		{FADE5D16-BD73-4F47-BEE5-37FEAA9A7E54}.Release|Any CPU.ActiveCfg = Release|Any CPU
		{FADE5D16-BD73-4F47-BEE5-37FEAA9A7E54}.Release|Any CPU.Build.0 = Release|Any CPU
		{8E5A62C4-CC01-4C5A-B15A-EC4F1ABC7DEF}.Debug|Any CPU.ActiveCfg = Debug|Any CPU
		{8E5A62C4-CC01-4C5A-B15A-EC4F1ABC7DEF}.Debug|Any CPU.Build.0 = Debug|Any CPU
		{8E5A62C4-CC01-4C5A-B15A-EC4F1ABC7DEF}.Release|Any CPU.ActiveCfg = Release|Any CPU
		{8E5A62C4-CC01-4C5A-B15A-EC4F1ABC7DEF}.Release|Any CPU.Build.0 = Release|Any CPU
		{59B876B1-4E55-4B70-917C-81A5D11AC80C}.Debug|Any CPU.ActiveCfg = Debug|Any CPU
		{59B876B1-4E55-4B70-917C-81A5D11AC80C}.Debug|Any CPU.Build.0 = Debug|Any CPU
		{59B876B1-4E55-4B70-917C-81A5D11AC80C}.Release|Any CPU.ActiveCfg = Release|Any CPU
		{59B876B1-4E55-4B70-917C-81A5D11AC80C}.Release|Any CPU.Build.0 = Release|Any CPU
		{055B098A-D414-45AB-BC0D-0AC349D7AA6C}.Debug|Any CPU.ActiveCfg = Debug|Any CPU
		{055B098A-D414-45AB-BC0D-0AC349D7AA6C}.Debug|Any CPU.Build.0 = Debug|Any CPU
		{055B098A-D414-45AB-BC0D-0AC349D7AA6C}.Release|Any CPU.ActiveCfg = Release|Any CPU
		{055B098A-D414-45AB-BC0D-0AC349D7AA6C}.Release|Any CPU.Build.0 = Release|Any CPU
		{55E0217D-D478-4DB8-A8C4-01E461AF46C8}.Debug|Any CPU.ActiveCfg = Debug|Any CPU
		{55E0217D-D478-4DB8-A8C4-01E461AF46C8}.Debug|Any CPU.Build.0 = Debug|Any CPU
		{55E0217D-D478-4DB8-A8C4-01E461AF46C8}.Release|Any CPU.ActiveCfg = Release|Any CPU
		{55E0217D-D478-4DB8-A8C4-01E461AF46C8}.Release|Any CPU.Build.0 = Release|Any CPU
		{CA02B56B-2200-4C8F-BE20-332FE467BB22}.Debug|Any CPU.ActiveCfg = Debug|Any CPU
		{CA02B56B-2200-4C8F-BE20-332FE467BB22}.Debug|Any CPU.Build.0 = Debug|Any CPU
		{CA02B56B-2200-4C8F-BE20-332FE467BB22}.Release|Any CPU.ActiveCfg = Release|Any CPU
		{CA02B56B-2200-4C8F-BE20-332FE467BB22}.Release|Any CPU.Build.0 = Release|Any CPU
		{18C18BAC-D6B8-4548-A24B-FBE6D87931B2}.Debug|Any CPU.ActiveCfg = Debug|Any CPU
		{18C18BAC-D6B8-4548-A24B-FBE6D87931B2}.Debug|Any CPU.Build.0 = Debug|Any CPU
		{18C18BAC-D6B8-4548-A24B-FBE6D87931B2}.Release|Any CPU.ActiveCfg = Release|Any CPU
		{18C18BAC-D6B8-4548-A24B-FBE6D87931B2}.Release|Any CPU.Build.0 = Release|Any CPU
		{AD02BEB8-9D18-4496-9A8F-A09858FA4801}.Debug|Any CPU.ActiveCfg = Debug|Any CPU
		{AD02BEB8-9D18-4496-9A8F-A09858FA4801}.Debug|Any CPU.Build.0 = Debug|Any CPU
		{AD02BEB8-9D18-4496-9A8F-A09858FA4801}.Release|Any CPU.ActiveCfg = Release|Any CPU
		{AD02BEB8-9D18-4496-9A8F-A09858FA4801}.Release|Any CPU.Build.0 = Release|Any CPU
		{AAFFA7D5-E135-47C2-8F44-8F94F5E107C4}.Debug|Any CPU.ActiveCfg = Debug|Any CPU
		{AAFFA7D5-E135-47C2-8F44-8F94F5E107C4}.Debug|Any CPU.Build.0 = Debug|Any CPU
		{AAFFA7D5-E135-47C2-8F44-8F94F5E107C4}.Release|Any CPU.ActiveCfg = Release|Any CPU
		{AAFFA7D5-E135-47C2-8F44-8F94F5E107C4}.Release|Any CPU.Build.0 = Release|Any CPU
		{B9E672A9-DAEC-4D23-8D10-1647EFE7E334}.Debug|Any CPU.ActiveCfg = Debug|Any CPU
		{B9E672A9-DAEC-4D23-8D10-1647EFE7E334}.Debug|Any CPU.Build.0 = Debug|Any CPU
		{B9E672A9-DAEC-4D23-8D10-1647EFE7E334}.Release|Any CPU.ActiveCfg = Release|Any CPU
		{B9E672A9-DAEC-4D23-8D10-1647EFE7E334}.Release|Any CPU.Build.0 = Release|Any CPU
		{7145697A-140B-442B-9B53-CCA90AB3C1C9}.Debug|Any CPU.ActiveCfg = Debug|Any CPU
		{7145697A-140B-442B-9B53-CCA90AB3C1C9}.Debug|Any CPU.Build.0 = Debug|Any CPU
		{7145697A-140B-442B-9B53-CCA90AB3C1C9}.Release|Any CPU.ActiveCfg = Release|Any CPU
		{7145697A-140B-442B-9B53-CCA90AB3C1C9}.Release|Any CPU.Build.0 = Release|Any CPU
		{B374156C-BF61-4DC7-906C-668017968F5E}.Debug|Any CPU.ActiveCfg = Debug|Any CPU
		{B374156C-BF61-4DC7-906C-668017968F5E}.Debug|Any CPU.Build.0 = Debug|Any CPU
		{B374156C-BF61-4DC7-906C-668017968F5E}.Release|Any CPU.ActiveCfg = Release|Any CPU
		{B374156C-BF61-4DC7-906C-668017968F5E}.Release|Any CPU.Build.0 = Release|Any CPU
		{5B8B1B3A-B53F-40F0-9929-24A8619C2C86}.Debug|Any CPU.ActiveCfg = Debug|Any CPU
		{5B8B1B3A-B53F-40F0-9929-24A8619C2C86}.Debug|Any CPU.Build.0 = Debug|Any CPU
		{5B8B1B3A-B53F-40F0-9929-24A8619C2C86}.Release|Any CPU.ActiveCfg = Release|Any CPU
		{5B8B1B3A-B53F-40F0-9929-24A8619C2C86}.Release|Any CPU.Build.0 = Release|Any CPU
		{D493D2BE-79CE-4560-A62C-41BEC76025A4}.Debug|Any CPU.ActiveCfg = Debug|Any CPU
		{D493D2BE-79CE-4560-A62C-41BEC76025A4}.Debug|Any CPU.Build.0 = Debug|Any CPU
		{D493D2BE-79CE-4560-A62C-41BEC76025A4}.Release|Any CPU.ActiveCfg = Release|Any CPU
		{D493D2BE-79CE-4560-A62C-41BEC76025A4}.Release|Any CPU.Build.0 = Release|Any CPU
		{88AFFCA6-DFD5-4C83-A7BF-DD57248C1FC6}.Debug|Any CPU.ActiveCfg = Debug|Any CPU
		{88AFFCA6-DFD5-4C83-A7BF-DD57248C1FC6}.Debug|Any CPU.Build.0 = Debug|Any CPU
		{88AFFCA6-DFD5-4C83-A7BF-DD57248C1FC6}.Release|Any CPU.ActiveCfg = Release|Any CPU
		{88AFFCA6-DFD5-4C83-A7BF-DD57248C1FC6}.Release|Any CPU.Build.0 = Release|Any CPU
		{3238D710-12B5-4F0E-B9B8-82EF2EB63322}.Debug|Any CPU.ActiveCfg = Debug|Any CPU
		{3238D710-12B5-4F0E-B9B8-82EF2EB63322}.Debug|Any CPU.Build.0 = Debug|Any CPU
		{3238D710-12B5-4F0E-B9B8-82EF2EB63322}.Release|Any CPU.ActiveCfg = Release|Any CPU
		{3238D710-12B5-4F0E-B9B8-82EF2EB63322}.Release|Any CPU.Build.0 = Release|Any CPU
		{B6657222-79FC-449F-99AF-BF4CF9490177}.Debug|Any CPU.ActiveCfg = Debug|Any CPU
		{B6657222-79FC-449F-99AF-BF4CF9490177}.Debug|Any CPU.Build.0 = Debug|Any CPU
		{B6657222-79FC-449F-99AF-BF4CF9490177}.Release|Any CPU.ActiveCfg = Release|Any CPU
		{B6657222-79FC-449F-99AF-BF4CF9490177}.Release|Any CPU.Build.0 = Release|Any CPU
		{644C6AA0-6684-483A-9CE4-DF51086F7D2A}.Debug|Any CPU.ActiveCfg = Debug|Any CPU
		{644C6AA0-6684-483A-9CE4-DF51086F7D2A}.Debug|Any CPU.Build.0 = Debug|Any CPU
		{644C6AA0-6684-483A-9CE4-DF51086F7D2A}.Release|Any CPU.ActiveCfg = Release|Any CPU
		{644C6AA0-6684-483A-9CE4-DF51086F7D2A}.Release|Any CPU.Build.0 = Release|Any CPU
		{8E834015-199F-4CD5-98A5-C9079723F10B}.Debug|Any CPU.ActiveCfg = Debug|Any CPU
		{8E834015-199F-4CD5-98A5-C9079723F10B}.Debug|Any CPU.Build.0 = Debug|Any CPU
		{8E834015-199F-4CD5-98A5-C9079723F10B}.Release|Any CPU.ActiveCfg = Release|Any CPU
		{8E834015-199F-4CD5-98A5-C9079723F10B}.Release|Any CPU.Build.0 = Release|Any CPU
		{415ABCE6-D052-4A51-A5EE-3EAA6196B186}.Debug|Any CPU.ActiveCfg = Debug|Any CPU
		{415ABCE6-D052-4A51-A5EE-3EAA6196B186}.Debug|Any CPU.Build.0 = Debug|Any CPU
		{415ABCE6-D052-4A51-A5EE-3EAA6196B186}.Release|Any CPU.ActiveCfg = Release|Any CPU
		{415ABCE6-D052-4A51-A5EE-3EAA6196B186}.Release|Any CPU.Build.0 = Release|Any CPU
		{4B66C287-02D5-4A11-92F3-4F03687AC46B}.Debug|Any CPU.ActiveCfg = Debug|Any CPU
		{4B66C287-02D5-4A11-92F3-4F03687AC46B}.Debug|Any CPU.Build.0 = Debug|Any CPU
		{4B66C287-02D5-4A11-92F3-4F03687AC46B}.Release|Any CPU.ActiveCfg = Release|Any CPU
		{4B66C287-02D5-4A11-92F3-4F03687AC46B}.Release|Any CPU.Build.0 = Release|Any CPU
	EndGlobalSection
	GlobalSection(SolutionProperties) = preSolution
		HideSolutionNode = FALSE
	EndGlobalSection
	GlobalSection(ExtensibilityGlobals) = postSolution
		SolutionGuid = {39CA4D1E-A716-418F-8189-E955F4BB0AD5}
	EndGlobalSection
EndGlobal
