
Microsoft Visual Studio Solution File, Format Version 12.00
# Visual Studio Version 17
VisualStudioVersion = 17.4.33122.133
MinimumVisualStudioVersion = 10.0.40219.1
Project("{9A19103F-16F7-4668-BE54-9A1E7A4F7556}") = "Day01", "Day01\Day01.csproj", "{00C5DF0A-30FE-4342-9BF9-0EE02B6BE4C9}"
EndProject
Project("{9A19103F-16F7-4668-BE54-9A1E7A4F7556}") = "Day02", "Day02\Day02.csproj", "{FADE5D16-BD73-4F47-BEE5-37FEAA9A7E54}"
EndProject
Project("{FAE04EC0-301F-11D3-BF4B-00C04F79EFBC}") = "Day03", "Day03\Day03.csproj", "{8E5A62C4-CC01-4C5A-B15A-EC4F1ABC7DEF}"
EndProject
Global
	GlobalSection(SolutionConfigurationPlatforms) = preSolution
		Debug|Any CPU = Debug|Any CPU
		Release|Any CPU = Release|Any CPU
	EndGlobalSection
	GlobalSection(ProjectConfigurationPlatforms) = postSolution
		{00C5DF0A-30FE-4342-9BF9-0EE02B6BE4C9}.Debug|Any CPU.ActiveCfg = Debug|Any CPU
		{00C5DF0A-30FE-4342-9BF9-0EE02B6BE4C9}.Debug|Any CPU.Build.0 = Debug|Any CPU
		{00C5DF0A-30FE-4342-9BF9-0EE02B6BE4C9}.Release|Any CPU.ActiveCfg = Release|Any CPU
		{00C5DF0A-30FE-4342-9BF9-0EE02B6BE4C9}.Release|Any CPU.Build.0 = Release|Any CPU
		{FADE5D16-BD73-4F47-BEE5-37FEAA9A7E54}.Debug|Any CPU.ActiveCfg = Debug|Any CPU
		{FADE5D16-BD73-4F47-BEE5-37FEAA9A7E54}.Debug|Any CPU.Build.0 = Debug|Any CPU
		{FADE5D16-BD73-4F47-BEE5-37FEAA9A7E54}.Release|Any CPU.ActiveCfg = Release|Any CPU
		{FADE5D16-BD73-4F47-BEE5-37FEAA9A7E54}.Release|Any CPU.Build.0 = Release|Any CPU
		{8E5A62C4-CC01-4C5A-B15A-EC4F1ABC7DEF}.Debug|Any CPU.ActiveCfg = Debug|Any CPU
		{8E5A62C4-CC01-4C5A-B15A-EC4F1ABC7DEF}.Debug|Any CPU.Build.0 = Debug|Any CPU
		{8E5A62C4-CC01-4C5A-B15A-EC4F1ABC7DEF}.Release|Any CPU.ActiveCfg = Release|Any CPU
		{8E5A62C4-CC01-4C5A-B15A-EC4F1ABC7DEF}.Release|Any CPU.Build.0 = Release|Any CPU
	EndGlobalSection
	GlobalSection(SolutionProperties) = preSolution
		HideSolutionNode = FALSE
	EndGlobalSection
	GlobalSection(ExtensibilityGlobals) = postSolution
		SolutionGuid = {39CA4D1E-A716-418F-8189-E955F4BB0AD5}
	EndGlobalSection
EndGlobal
